
Microsoft Visual Studio Solution File, Format Version 12.00
# Visual Studio Version 17
VisualStudioVersion = 17.2.32505.173
MinimumVisualStudioVersion = 10.0.40219.1
Project("{FAE04EC0-301F-11D3-BF4B-00C04F79EFBC}") = "ProjectZero", "ProjectZero\ProjectZero.csproj", "{89106DAC-333B-4338-BDBE-9EF4F04B73EE}"
EndProject
Global
	GlobalSection(SolutionConfigurationPlatforms) = preSolution
		Debug|Any CPU = Debug|Any CPU
		Release|Any CPU = Release|Any CPU
	EndGlobalSection
	GlobalSection(ProjectConfigurationPlatforms) = postSolution
		{89106DAC-333B-4338-BDBE-9EF4F04B73EE}.Debug|Any CPU.ActiveCfg = Debug|Any CPU
		{89106DAC-333B-4338-BDBE-9EF4F04B73EE}.Debug|Any CPU.Build.0 = Debug|Any CPU
		{89106DAC-333B-4338-BDBE-9EF4F04B73EE}.Release|Any CPU.ActiveCfg = Release|Any CPU
		{89106DAC-333B-4338-BDBE-9EF4F04B73EE}.Release|Any CPU.Build.0 = Release|Any CPU
	EndGlobalSection
	GlobalSection(SolutionProperties) = preSolution
		HideSolutionNode = FALSE
	EndGlobalSection
	GlobalSection(ExtensibilityGlobals) = postSolution
		SolutionGuid = {E20AEA0E-1B5B-44D7-88C1-A695FAE0CAE6}
	EndGlobalSection
EndGlobal
